{
  "version": 4,
  "terraform_version": "1.8.3",
  "serial": 5,
  "lineage": "ec57bb88-ae6c-1a17-a57f-7029d7b9447f",
  "outputs": {
    "a_record_fqdn": {
      "value": "www.xyzdomain.com.xyzdomain.com",
      "type": "string"
    },
    "cname_record_fqdn": {
      "value": "xyzdomain.com.xyzdomain.com",
      "type": "string"
    },
    "zone_id": {
      "value": "Z0323834N7IF70DBN4Y0",
      "type": "string"
    },
    "zone_name": {
      "value": "xyzdomain.com",
      "type": "string"
    }
  },
  "resources": [
    {
      "mode": "managed",
      "type": "aws_route53_record",
      "name": "a_record",
      "provider": "provider[\"registry.terraform.io/hashicorp/aws\"]",
      "instances": [
        {
          "schema_version": 2,
          "attributes": {
            "alias": [],
            "allow_overwrite": null,
            "cidr_routing_policy": [],
            "failover_routing_policy": [],
            "fqdn": "www.xyzdomain.com",
            "geolocation_routing_policy": [],
            "geoproximity_routing_policy": [],
            "health_check_id": "",
            "id": "Z0323834N7IF70DBN4Y0_www.xyzdomain.com_A",
            "latency_routing_policy": [],
            "multivalue_answer_routing_policy": false,
            "name": "www.xyzdomain.com",
            "records": [
              "192.0.2.1",
              "192.0.2.2"
            ],
            "set_identifier": "",
            "ttl": 300,
            "type": "A",
            "weighted_routing_policy": [],
            "zone_id": "Z0323834N7IF70DBN4Y0"
          },
          "sensitive_attributes": [],
          "private": "eyJzY2hlbWFfdmVyc2lvbiI6IjIifQ==",
          "dependencies": [
            "aws_route53_zone.this"
          ]
        }
      ]
    },
    {
      "mode": "managed",
      "type": "aws_route53_zone",
      "name": "this",
      "provider": "provider[\"registry.terraform.io/hashicorp/aws\"]",
      "instances": [
        {
          "schema_version": 0,
          "attributes": {
            "arn": "arn:aws:route53:::hostedzone/Z0323834N7IF70DBN4Y0",
            "comment": "Managed by Terraform",
            "delegation_set_id": "",
            "force_destroy": false,
            "id": "Z0323834N7IF70DBN4Y0",
            "name": "xyzdomain.com",
            "name_servers": [
              "ns-1225.awsdns-25.org",
              "ns-1864.awsdns-41.co.uk",
              "ns-318.awsdns-39.com",
              "ns-874.awsdns-45.net"
            ],
            "primary_name_server": "ns-1864.awsdns-41.co.uk",
            "tags": null,
            "tags_all": {},
            "vpc": [],
            "zone_id": "Z0323834N7IF70DBN4Y0"
          },
          "sensitive_attributes": [],
          "private": "bnVsbA=="
        }
      ]
    }
  ],
  "check_results": null
}
